
Microsoft Visual Studio Solution File, Format Version 12.00
# Visual Studio Version 16
VisualStudioVersion = 16.0.29020.237
MinimumVisualStudioVersion = 10.0.40219.1
Project("{FAE04EC0-301F-11D3-BF4B-00C04F79EFBC}") = "CardGameEngine", "CardGameEngine\CardGameEngine.csproj", "{ADDE15A5-CAB3-4CAA-BE98-76EAB88F7F14}"
EndProject
Project("{FAE04EC0-301F-11D3-BF4B-00C04F79EFBC}") = "CardGame.Data", "CardGame.Data\CardGame.Data.csproj", "{39CFF97C-54A0-4814-A0CD-E75C706AAA59}"
EndProject
Global
	GlobalSection(SolutionConfigurationPlatforms) = preSolution
		Debug|Any CPU = Debug|Any CPU
		Release|Any CPU = Release|Any CPU
	EndGlobalSection
	GlobalSection(ProjectConfigurationPlatforms) = postSolution
		{ADDE15A5-CAB3-4CAA-BE98-76EAB88F7F14}.Debug|Any CPU.ActiveCfg = Debug|Any CPU
		{ADDE15A5-CAB3-4CAA-BE98-76EAB88F7F14}.Debug|Any CPU.Build.0 = Debug|Any CPU
		{ADDE15A5-CAB3-4CAA-BE98-76EAB88F7F14}.Release|Any CPU.ActiveCfg = Release|Any CPU
		{ADDE15A5-CAB3-4CAA-BE98-76EAB88F7F14}.Release|Any CPU.Build.0 = Release|Any CPU
		{39CFF97C-54A0-4814-A0CD-E75C706AAA59}.Debug|Any CPU.ActiveCfg = Debug|Any CPU
		{39CFF97C-54A0-4814-A0CD-E75C706AAA59}.Debug|Any CPU.Build.0 = Debug|Any CPU
		{39CFF97C-54A0-4814-A0CD-E75C706AAA59}.Release|Any CPU.ActiveCfg = Release|Any CPU
		{39CFF97C-54A0-4814-A0CD-E75C706AAA59}.Release|Any CPU.Build.0 = Release|Any CPU
	EndGlobalSection
	GlobalSection(SolutionProperties) = preSolution
		HideSolutionNode = FALSE
	EndGlobalSection
	GlobalSection(ExtensibilityGlobals) = postSolution
		SolutionGuid = {55A358CA-5A66-48EB-8836-F7747B871CB5}
	EndGlobalSection
EndGlobal
